// !$*UTF8*$!
{
	archiveVersion = 1;
	classes = {
	};
	objectVersion = 46;
	objects = {

/* Begin PBXBuildFile section */
		AA4EDA331D06A2610017A0EF /* VideoCell.m in Sources */ = {isa = PBXBuildFile; fileRef = AA4EDA321D06A2610017A0EF /* VideoCell.m */; };
		AA8468781CEA190A00A95D3F /* main.m in Sources */ = {isa = PBXBuildFile; fileRef = AA8468771CEA190900A95D3F /* main.m */; };
		AA84687B1CEA190A00A95D3F /* AppDelegate.m in Sources */ = {isa = PBXBuildFile; fileRef = AA84687A1CEA190A00A95D3F /* AppDelegate.m */; };
		AA84687E1CEA190A00A95D3F /* ViewController.m in Sources */ = {isa = PBXBuildFile; fileRef = AA84687D1CEA190A00A95D3F /* ViewController.m */; };
		AA8468811CEA190A00A95D3F /* Main.storyboard in Resources */ = {isa = PBXBuildFile; fileRef = AA84687F1CEA190A00A95D3F /* Main.storyboard */; };
		AA8468831CEA190A00A95D3F /* Assets.xcassets in Resources */ = {isa = PBXBuildFile; fileRef = AA8468821CEA190A00A95D3F /* Assets.xcassets */; };
		AA8468861CEA190A00A95D3F /* LaunchScreen.storyboard in Resources */ = {isa = PBXBuildFile; fileRef = AA8468841CEA190A00A95D3F /* LaunchScreen.storyboard */; };
		AA8468901CEA194C00A95D3F /* HTTPService.m in Sources */ = {isa = PBXBuildFile; fileRef = AA84688F1CEA194C00A95D3F /* HTTPService.m */; };
		AA84FEED1D08A22C00657631 /* Video.m in Sources */ = {isa = PBXBuildFile; fileRef = AA84FEEC1D08A22C00657631 /* Video.m */; };
		AAB31A451D0AB3140000C579 /* VideoVC.m in Sources */ = {isa = PBXBuildFile; fileRef = AAB31A441D0AB3140000C579 /* VideoVC.m */; };
/* End PBXBuildFile section */

/* Begin PBXFileReference section */
		AA4EDA311D06A2610017A0EF /* VideoCell.h */ = {isa = PBXFileReference; fileEncoding = 4; lastKnownFileType = sourcecode.c.h; path = VideoCell.h; sourceTree = "<group>"; };
		AA4EDA321D06A2610017A0EF /* VideoCell.m */ = {isa = PBXFileReference; fileEncoding = 4; lastKnownFileType = sourcecode.c.objc; path = VideoCell.m; sourceTree = "<group>"; };
		AA8468731CEA190900A95D3F /* SmartApp.app */ = {isa = PBXFileReference; explicitFileType = wrapper.application; includeInIndex = 0; path = SmartApp.app; sourceTree = BUILT_PRODUCTS_DIR; };
		AA8468771CEA190900A95D3F /* main.m */ = {isa = PBXFileReference; lastKnownFileType = sourcecode.c.objc; path = main.m; sourceTree = "<group>"; };
		AA8468791CEA190A00A95D3F /* AppDelegate.h */ = {isa = PBXFileReference; lastKnownFileType = sourcecode.c.h; path = AppDelegate.h; sourceTree = "<group>"; };
		AA84687A1CEA190A00A95D3F /* AppDelegate.m */ = {isa = PBXFileReference; lastKnownFileType = sourcecode.c.objc; path = AppDelegate.m; sourceTree = "<group>"; };
		AA84687C1CEA190A00A95D3F /* ViewController.h */ = {isa = PBXFileReference; lastKnownFileType = sourcecode.c.h; path = ViewController.h; sourceTree = "<group>"; };
		AA84687D1CEA190A00A95D3F /* ViewController.m */ = {isa = PBXFileReference; lastKnownFileType = sourcecode.c.objc; path = ViewController.m; sourceTree = "<group>"; };
		AA8468801CEA190A00A95D3F /* Base */ = {isa = PBXFileReference; lastKnownFileType = file.storyboard; name = Base; path = Base.lproj/Main.storyboard; sourceTree = "<group>"; };
		AA8468821CEA190A00A95D3F /* Assets.xcassets */ = {isa = PBXFileReference; lastKnownFileType = folder.assetcatalog; path = Assets.xcassets; sourceTree = "<group>"; };
		AA8468851CEA190A00A95D3F /* Base */ = {isa = PBXFileReference; lastKnownFileType = file.storyboard; name = Base; path = Base.lproj/LaunchScreen.storyboard; sourceTree = "<group>"; };
		AA8468871CEA190A00A95D3F /* Info.plist */ = {isa = PBXFileReference; lastKnownFileType = text.plist.xml; path = Info.plist; sourceTree = "<group>"; };
		AA84688E1CEA194C00A95D3F /* HTTPService.h */ = {isa = PBXFileReference; fileEncoding = 4; lastKnownFileType = sourcecode.c.h; path = HTTPService.h; sourceTree = "<group>"; };
		AA84688F1CEA194C00A95D3F /* HTTPService.m */ = {isa = PBXFileReference; fileEncoding = 4; lastKnownFileType = sourcecode.c.objc; path = HTTPService.m; sourceTree = "<group>"; };
		AA84FEEB1D08A22C00657631 /* Video.h */ = {isa = PBXFileReference; fileEncoding = 4; lastKnownFileType = sourcecode.c.h; path = Video.h; sourceTree = "<group>"; };
		AA84FEEC1D08A22C00657631 /* Video.m */ = {isa = PBXFileReference; fileEncoding = 4; lastKnownFileType = sourcecode.c.objc; path = Video.m; sourceTree = "<group>"; };
		AAB31A431D0AB3140000C579 /* VideoVC.h */ = {isa = PBXFileReference; fileEncoding = 4; lastKnownFileType = sourcecode.c.h; path = VideoVC.h; sourceTree = "<group>"; };
		AAB31A441D0AB3140000C579 /* VideoVC.m */ = {isa = PBXFileReference; fileEncoding = 4; lastKnownFileType = sourcecode.c.objc; path = VideoVC.m; sourceTree = "<group>"; };
/* End PBXFileReference section */

/* Begin PBXFrameworksBuildPhase section */
		AA8468701CEA190900A95D3F /* Frameworks */ = {
			isa = PBXFrameworksBuildPhase;
			buildActionMask = 2147483647;
			files = (
			);
			runOnlyForDeploymentPostprocessing = 0;
		};
/* End PBXFrameworksBuildPhase section */

/* Begin PBXGroup section */
		AA4EDA301D06A2180017A0EF /* View */ = {
			isa = PBXGroup;
			children = (
				AA4EDA311D06A2610017A0EF /* VideoCell.h */,
				AA4EDA321D06A2610017A0EF /* VideoCell.m */,
			);
			name = View;
			sourceTree = "<group>";
		};
		AA84686A1CEA190900A95D3F = {
			isa = PBXGroup;
			children = (
				AA8468751CEA190900A95D3F /* SmartApp */,
				AA8468741CEA190900A95D3F /* Products */,
			);
			sourceTree = "<group>";
		};
		AA8468741CEA190900A95D3F /* Products */ = {
			isa = PBXGroup;
			children = (
				AA8468731CEA190900A95D3F /* SmartApp.app */,
			);
			name = Products;
			sourceTree = "<group>";
		};
		AA8468751CEA190900A95D3F /* SmartApp */ = {
			isa = PBXGroup;
			children = (
				AAB31A421D0AB2F90000C579 /* Controller */,
				AA84FEEA1D08A21100657631 /* Model */,
				AA4EDA301D06A2180017A0EF /* View */,
				AA84688D1CEA192F00A95D3F /* Services */,
				AA8468791CEA190A00A95D3F /* AppDelegate.h */,
				AA84687A1CEA190A00A95D3F /* AppDelegate.m */,
				AA84687F1CEA190A00A95D3F /* Main.storyboard */,
				AA8468821CEA190A00A95D3F /* Assets.xcassets */,
				AA8468841CEA190A00A95D3F /* LaunchScreen.storyboard */,
				AA8468871CEA190A00A95D3F /* Info.plist */,
				AA8468761CEA190900A95D3F /* Supporting Files */,
			);
			path = SmartApp;
			sourceTree = "<group>";
		};
		AA8468761CEA190900A95D3F /* Supporting Files */ = {
			isa = PBXGroup;
			children = (
				AA8468771CEA190900A95D3F /* main.m */,
			);
			name = "Supporting Files";
			sourceTree = "<group>";
		};
		AA84688D1CEA192F00A95D3F /* Services */ = {
			isa = PBXGroup;
			children = (
				AA84688E1CEA194C00A95D3F /* HTTPService.h */,
				AA84688F1CEA194C00A95D3F /* HTTPService.m */,
			);
			name = Services;
			sourceTree = "<group>";
		};
		AA84FEEA1D08A21100657631 /* Model */ = {
			isa = PBXGroup;
			children = (
				AA84FEEB1D08A22C00657631 /* Video.h */,
				AA84FEEC1D08A22C00657631 /* Video.m */,
			);
			name = Model;
			sourceTree = "<group>";
		};
		AAB31A421D0AB2F90000C579 /* Controller */ = {
			isa = PBXGroup;
			children = (
				AA84687C1CEA190A00A95D3F /* ViewController.h */,
				AA84687D1CEA190A00A95D3F /* ViewController.m */,
				AAB31A431D0AB3140000C579 /* VideoVC.h */,
				AAB31A441D0AB3140000C579 /* VideoVC.m */,
			);
			name = Controller;
			sourceTree = "<group>";
		};
/* End PBXGroup section */

/* Begin PBXNativeTarget section */
		AA8468721CEA190900A95D3F /* SmartApp */ = {
			isa = PBXNativeTarget;
			buildConfigurationList = AA84688A1CEA190A00A95D3F /* Build configuration list for PBXNativeTarget "SmartApp" */;
			buildPhases = (
				AA84686F1CEA190900A95D3F /* Sources */,
				AA8468701CEA190900A95D3F /* Frameworks */,
				AA8468711CEA190900A95D3F /* Resources */,
			);
			buildRules = (
			);
			dependencies = (
			);
			name = SmartApp;
			productName = SmartApp;
			productReference = AA8468731CEA190900A95D3F /* SmartApp.app */;
			productType = "com.apple.product-type.application";
		};
/* End PBXNativeTarget section */

/* Begin PBXProject section */
		AA84686B1CEA190900A95D3F /* Project object */ = {
			isa = PBXProject;
			attributes = {
				LastUpgradeCheck = 0730;
				ORGANIZATIONNAME = "Dide van Berkel";
				TargetAttributes = {
					AA8468721CEA190900A95D3F = {
						CreatedOnToolsVersion = 7.3;
					};
				};
			};
			buildConfigurationList = AA84686E1CEA190900A95D3F /* Build configuration list for PBXProject "SmartApp" */;
			compatibilityVersion = "Xcode 3.2";
			developmentRegion = English;
			hasScannedForEncodings = 0;
			knownRegions = (
				en,
				Base,
			);
			mainGroup = AA84686A1CEA190900A95D3F;
			productRefGroup = AA8468741CEA190900A95D3F /* Products */;
			projectDirPath = "";
			projectRoot = "";
			targets = (
				AA8468721CEA190900A95D3F /* SmartApp */,
			);
		};
/* End PBXProject section */

/* Begin PBXResourcesBuildPhase section */
		AA8468711CEA190900A95D3F /* Resources */ = {
			isa = PBXResourcesBuildPhase;
			buildActionMask = 2147483647;
			files = (
				AA8468861CEA190A00A95D3F /* LaunchScreen.storyboard in Resources */,
				AA8468831CEA190A00A95D3F /* Assets.xcassets in Resources */,
				AA8468811CEA190A00A95D3F /* Main.storyboard in Resources */,
			);
			runOnlyForDeploymentPostprocessing = 0;
		};
/* End PBXResourcesBuildPhase section */

/* Begin PBXSourcesBuildPhase section */
		AA84686F1CEA190900A95D3F /* Sources */ = {
			isa = PBXSourcesBuildPhase;
			buildActionMask = 2147483647;
			files = (
				AA84687E1CEA190A00A95D3F /* ViewController.m in Sources */,
				AA4EDA331D06A2610017A0EF /* VideoCell.m in Sources */,
				AA8468901CEA194C00A95D3F /* HTTPService.m in Sources */,
				AA84FEED1D08A22C00657631 /* Video.m in Sources */,
				AAB31A451D0AB3140000C579 /* VideoVC.m in Sources */,
				AA84687B1CEA190A00A95D3F /* AppDelegate.m in Sources */,
				AA8468781CEA190A00A95D3F /* main.m in Sources */,
			);
			runOnlyForDeploymentPostprocessing = 0;
		};
/* End PBXSourcesBuildPhase section */

/* Begin PBXVariantGroup section */
		AA84687F1CEA190A00A95D3F /* Main.storyboard */ = {
			isa = PBXVariantGroup;
			children = (
				AA8468801CEA190A00A95D3F /* Base */,
			);
			name = Main.storyboard;
			sourceTree = "<group>";
		};
		AA8468841CEA190A00A95D3F /* LaunchScreen.storyboard */ = {
			isa = PBXVariantGroup;
			children = (
				AA8468851CEA190A00A95D3F /* Base */,
			);
			name = LaunchScreen.storyboard;
			sourceTree = "<group>";
		};
/* End PBXVariantGroup section */

/* Begin XCBuildConfiguration section */
		AA8468881CEA190A00A95D3F /* Debug */ = {
			isa = XCBuildConfiguration;
			buildSettings = {
				ALWAYS_SEARCH_USER_PATHS = NO;
				CLANG_ANALYZER_NONNULL = YES;
				CLANG_CXX_LANGUAGE_STANDARD = "gnu++0x";
				CLANG_CXX_LIBRARY = "libc++";
				CLANG_ENABLE_MODULES = YES;
				CLANG_ENABLE_OBJC_ARC = YES;
				CLANG_WARN_BOOL_CONVERSION = YES;
				CLANG_WARN_CONSTANT_CONVERSION = YES;
				CLANG_WARN_DIRECT_OBJC_ISA_USAGE = YES_ERROR;
				CLANG_WARN_EMPTY_BODY = YES;
				CLANG_WARN_ENUM_CONVERSION = YES;
				CLANG_WARN_INT_CONVERSION = YES;
				CLANG_WARN_OBJC_ROOT_CLASS = YES_ERROR;
				CLANG_WARN_UNREACHABLE_CODE = YES;
				CLANG_WARN__DUPLICATE_METHOD_MATCH = YES;
				"CODE_SIGN_IDENTITY[sdk=iphoneos*]" = "iPhone Developer";
				COPY_PHASE_STRIP = NO;
				DEBUG_INFORMATION_FORMAT = dwarf;
				ENABLE_STRICT_OBJC_MSGSEND = YES;
				ENABLE_TESTABILITY = YES;
				GCC_C_LANGUAGE_STANDARD = gnu99;
				GCC_DYNAMIC_NO_PIC = NO;
				GCC_NO_COMMON_BLOCKS = YES;
				GCC_OPTIMIZATION_LEVEL = 0;
				GCC_PREPROCESSOR_DEFINITIONS = (
					"DEBUG=1",
					"$(inherited)",
				);
				GCC_WARN_64_TO_32_BIT_CONVERSION = YES;
				GCC_WARN_ABOUT_RETURN_TYPE = YES_ERROR;
				GCC_WARN_UNDECLARED_SELECTOR = YES;
				GCC_WARN_UNINITIALIZED_AUTOS = YES_AGGRESSIVE;
				GCC_WARN_UNUSED_FUNCTION = YES;
				GCC_WARN_UNUSED_VARIABLE = YES;
				IPHONEOS_DEPLOYMENT_TARGET = 9.3;
				MTL_ENABLE_DEBUG_INFO = YES;
				ONLY_ACTIVE_ARCH = YES;
				SDKROOT = iphoneos;
				TARGETED_DEVICE_FAMILY = "1,2";
			};
			name = Debug;
		};
		AA8468891CEA190A00A95D3F /* Release */ = {
			isa = XCBuildConfiguration;
			buildSettings = {
				ALWAYS_SEARCH_USER_PATHS = NO;
				CLANG_ANALYZER_NONNULL = YES;
				CLANG_CXX_LANGUAGE_STANDARD = "gnu++0x";
				CLANG_CXX_LIBRARY = "libc++";
				CLANG_ENABLE_MODULES = YES;
				CLANG_ENABLE_OBJC_ARC = YES;
				CLANG_WARN_BOOL_CONVERSION = YES;
				CLANG_WARN_CONSTANT_CONVERSION = YES;
				CLANG_WARN_DIRECT_OBJC_ISA_USAGE = YES_ERROR;
				CLANG_WARN_EMPTY_BODY = YES;
				CLANG_WARN_ENUM_CONVERSION = YES;
				CLANG_WARN_INT_CONVERSION = YES;
				CLANG_WARN_OBJC_ROOT_CLASS = YES_ERROR;
				CLANG_WARN_UNREACHABLE_CODE = YES;
				CLANG_WARN__DUPLICATE_METHOD_MATCH = YES;
				"CODE_SIGN_IDENTITY[sdk=iphoneos*]" = "iPhone Developer";
				COPY_PHASE_STRIP = NO;
				DEBUG_INFORMATION_FORMAT = "dwarf-with-dsym";
				ENABLE_NS_ASSERTIONS = NO;
				ENABLE_STRICT_OBJC_MSGSEND = YES;
				GCC_C_LANGUAGE_STANDARD = gnu99;
				GCC_NO_COMMON_BLOCKS = YES;
				GCC_WARN_64_TO_32_BIT_CONVERSION = YES;
				GCC_WARN_ABOUT_RETURN_TYPE = YES_ERROR;
				GCC_WARN_UNDECLARED_SELECTOR = YES;
				GCC_WARN_UNINITIALIZED_AUTOS = YES_AGGRESSIVE;
				GCC_WARN_UNUSED_FUNCTION = YES;
				GCC_WARN_UNUSED_VARIABLE = YES;
				IPHONEOS_DEPLOYMENT_TARGET = 9.3;
				MTL_ENABLE_DEBUG_INFO = NO;
				SDKROOT = iphoneos;
				TARGETED_DEVICE_FAMILY = "1,2";
				VALIDATE_PRODUCT = YES;
			};
			name = Release;
		};
		AA84688B1CEA190A00A95D3F /* Debug */ = {
			isa = XCBuildConfiguration;
			buildSettings = {
				ASSETCATALOG_COMPILER_APPICON_NAME = AppIcon;
				INFOPLIST_FILE = SmartApp/Info.plist;
				LD_RUNPATH_SEARCH_PATHS = "$(inherited) @executable_path/Frameworks";
				PRODUCT_BUNDLE_IDENTIFIER = io.didevanberkel.SmartApp;
				PRODUCT_NAME = "$(TARGET_NAME)";
			};
			name = Debug;
		};
		AA84688C1CEA190A00A95D3F /* Release */ = {
			isa = XCBuildConfiguration;
			buildSettings = {
				ASSETCATALOG_COMPILER_APPICON_NAME = AppIcon;
				INFOPLIST_FILE = SmartApp/Info.plist;
				LD_RUNPATH_SEARCH_PATHS = "$(inherited) @executable_path/Frameworks";
				PRODUCT_BUNDLE_IDENTIFIER = io.didevanberkel.SmartApp;
				PRODUCT_NAME = "$(TARGET_NAME)";
			};
			name = Release;
		};
/* End XCBuildConfiguration section */

/* Begin XCConfigurationList section */
		AA84686E1CEA190900A95D3F /* Build configuration list for PBXProject "SmartApp" */ = {
			isa = XCConfigurationList;
			buildConfigurations = (
				AA8468881CEA190A00A95D3F /* Debug */,
				AA8468891CEA190A00A95D3F /* Release */,
			);
			defaultConfigurationIsVisible = 0;
			defaultConfigurationName = Release;
		};
		AA84688A1CEA190A00A95D3F /* Build configuration list for PBXNativeTarget "SmartApp" */ = {
			isa = XCConfigurationList;
			buildConfigurations = (
				AA84688B1CEA190A00A95D3F /* Debug */,
				AA84688C1CEA190A00A95D3F /* Release */,
			);
			defaultConfigurationIsVisible = 0;
			defaultConfigurationName = Release;
		};
/* End XCConfigurationList section */
	};
	rootObject = AA84686B1CEA190900A95D3F /* Project object */;
}
